
Microsoft Visual Studio Solution File, Format Version 12.00
# Visual Studio Version 17
VisualStudioVersion = 17.10.35201.131
MinimumVisualStudioVersion = 10.0.40219.1
Project("{FAE04EC0-301F-11D3-BF4B-00C04F79EFBC}") = "Task Tracker", "Task Tracker\Task Tracker.csproj", "{8AFCA793-27AC-42C6-AD58-AB4BE36D1E26}"
EndProject
Global
	GlobalSection(SolutionConfigurationPlatforms) = preSolution
		Debug|Any CPU = Debug|Any CPU
		Release|Any CPU = Release|Any CPU
	EndGlobalSection
	GlobalSection(ProjectConfigurationPlatforms) = postSolution
		{8AFCA793-27AC-42C6-AD58-AB4BE36D1E26}.Debug|Any CPU.ActiveCfg = Debug|Any CPU
		{8AFCA793-27AC-42C6-AD58-AB4BE36D1E26}.Debug|Any CPU.Build.0 = Debug|Any CPU
		{8AFCA793-27AC-42C6-AD58-AB4BE36D1E26}.Release|Any CPU.ActiveCfg = Release|Any CPU
		{8AFCA793-27AC-42C6-AD58-AB4BE36D1E26}.Release|Any CPU.Build.0 = Release|Any CPU
	EndGlobalSection
	GlobalSection(SolutionProperties) = preSolution
		HideSolutionNode = FALSE
	EndGlobalSection
	GlobalSection(ExtensibilityGlobals) = postSolution
		SolutionGuid = {CBF77000-D44D-4D5B-B56E-4483FC05F7D5}
	EndGlobalSection
EndGlobal
